
Microsoft Visual Studio Solution File, Format Version 12.00
# Visual Studio 15
VisualStudioVersion = 15.0.27130.2036
MinimumVisualStudioVersion = 10.0.40219.1
Project("{FAE04EC0-301F-11D3-BF4B-00C04F79EFBC}") = "Ong.Friendly.FormsStandardControls", "Ong.Forms.StandardControls\Ong.Friendly.FormsStandardControls.csproj", "{1CA63B58-74E7-4780-8C76-98B9082820E6}"
EndProject
Project("{FAE04EC0-301F-11D3-BF4B-00C04F79EFBC}") = "Ong.Friendly.FormsStandardControls.Generator", "Ong.Friendly.FormsStandardControls.Generator\Ong.Friendly.FormsStandardControls.Generator.csproj", "{BC60FAAD-67AB-4A55-8E47-DEF72F1281C9}"
	ProjectSection(ProjectDependencies) = postProject
		{1CA63B58-74E7-4780-8C76-98B9082820E6} = {1CA63B58-74E7-4780-8C76-98B9082820E6}
	EndProjectSection
EndProject
Project("{2150E333-8FDC-42A3-9474-1A3956D46DE8}") = "Nuget", "Nuget", "{6FBE01FF-2C96-4BB7-9362-CCF1D7694340}"
	ProjectSection(SolutionItems) = preProject
		..\Nuget\Friendly.FormsStandardControls.nuspec = ..\Nuget\Friendly.FormsStandardControls.nuspec
	EndProjectSection
EndProject
Project("{2150E333-8FDC-42A3-9474-1A3956D46DE8}") = "Test", "Test", "{CAAA599B-BD8B-484A-B74F-C8D252B014E5}"
EndProject
Project("{FAE04EC0-301F-11D3-BF4B-00C04F79EFBC}") = "GeneratorTest", "..\Test\GeneratorTest\GeneratorTest.csproj", "{A6B80783-4B71-4CD1-A10B-54DBA3DDEC74}"
EndProject
Project("{FAE04EC0-301F-11D3-BF4B-00C04F79EFBC}") = "CreateDriverTarget", "..\Test\CreateDriverTarget\CreateDriverTarget.csproj", "{F76C0F5F-9A7C-4126-A059-E1BB602FB361}"
EndProject
Global
	GlobalSection(SolutionConfigurationPlatforms) = preSolution
		Debug|Any CPU = Debug|Any CPU
		Release|Any CPU = Release|Any CPU
		Release-Eng|Any CPU = Release-Eng|Any CPU
	EndGlobalSection
	GlobalSection(ProjectConfigurationPlatforms) = postSolution
		{1CA63B58-74E7-4780-8C76-98B9082820E6}.Debug|Any CPU.ActiveCfg = Debug|Any CPU
		{1CA63B58-74E7-4780-8C76-98B9082820E6}.Debug|Any CPU.Build.0 = Debug|Any CPU
		{1CA63B58-74E7-4780-8C76-98B9082820E6}.Release|Any CPU.ActiveCfg = Release|Any CPU
		{1CA63B58-74E7-4780-8C76-98B9082820E6}.Release|Any CPU.Build.0 = Release|Any CPU
		{1CA63B58-74E7-4780-8C76-98B9082820E6}.Release-Eng|Any CPU.ActiveCfg = Release-Eng|Any CPU
		{1CA63B58-74E7-4780-8C76-98B9082820E6}.Release-Eng|Any CPU.Build.0 = Release-Eng|Any CPU
		{BC60FAAD-67AB-4A55-8E47-DEF72F1281C9}.Debug|Any CPU.ActiveCfg = Debug|Any CPU
		{BC60FAAD-67AB-4A55-8E47-DEF72F1281C9}.Debug|Any CPU.Build.0 = Debug|Any CPU
		{BC60FAAD-67AB-4A55-8E47-DEF72F1281C9}.Release|Any CPU.ActiveCfg = Release|Any CPU
		{BC60FAAD-67AB-4A55-8E47-DEF72F1281C9}.Release|Any CPU.Build.0 = Release|Any CPU
		{BC60FAAD-67AB-4A55-8E47-DEF72F1281C9}.Release-Eng|Any CPU.ActiveCfg = Release-Eng|Any CPU
		{BC60FAAD-67AB-4A55-8E47-DEF72F1281C9}.Release-Eng|Any CPU.Build.0 = Release-Eng|Any CPU
		{A6B80783-4B71-4CD1-A10B-54DBA3DDEC74}.Debug|Any CPU.ActiveCfg = Debug|Any CPU
		{A6B80783-4B71-4CD1-A10B-54DBA3DDEC74}.Debug|Any CPU.Build.0 = Debug|Any CPU
		{A6B80783-4B71-4CD1-A10B-54DBA3DDEC74}.Release|Any CPU.ActiveCfg = Release|Any CPU
		{A6B80783-4B71-4CD1-A10B-54DBA3DDEC74}.Release|Any CPU.Build.0 = Release|Any CPU
		{A6B80783-4B71-4CD1-A10B-54DBA3DDEC74}.Release-Eng|Any CPU.ActiveCfg = Release|Any CPU
		{A6B80783-4B71-4CD1-A10B-54DBA3DDEC74}.Release-Eng|Any CPU.Build.0 = Release|Any CPU
		{F76C0F5F-9A7C-4126-A059-E1BB602FB361}.Debug|Any CPU.ActiveCfg = Debug|Any CPU
		{F76C0F5F-9A7C-4126-A059-E1BB602FB361}.Debug|Any CPU.Build.0 = Debug|Any CPU
		{F76C0F5F-9A7C-4126-A059-E1BB602FB361}.Release|Any CPU.ActiveCfg = Release|Any CPU
		{F76C0F5F-9A7C-4126-A059-E1BB602FB361}.Release|Any CPU.Build.0 = Release|Any CPU
		{F76C0F5F-9A7C-4126-A059-E1BB602FB361}.Release-Eng|Any CPU.ActiveCfg = Release|Any CPU
		{F76C0F5F-9A7C-4126-A059-E1BB602FB361}.Release-Eng|Any CPU.Build.0 = Release|Any CPU
	EndGlobalSection
	GlobalSection(SolutionProperties) = preSolution
		HideSolutionNode = FALSE
	EndGlobalSection
	GlobalSection(NestedProjects) = preSolution
		{A6B80783-4B71-4CD1-A10B-54DBA3DDEC74} = {CAAA599B-BD8B-484A-B74F-C8D252B014E5}
		{F76C0F5F-9A7C-4126-A059-E1BB602FB361} = {CAAA599B-BD8B-484A-B74F-C8D252B014E5}
	EndGlobalSection
	GlobalSection(ExtensibilityGlobals) = postSolution
		SolutionGuid = {B89D1D44-F014-455A-9030-D8A66A8422C4}
	EndGlobalSection
EndGlobal
