
Microsoft Visual Studio Solution File, Format Version 11.00
# Visual Studio 2010
Project("{FAE04EC0-301F-11D3-BF4B-00C04F79EFBC}") = "Ong.Friendly.FormsStandardControls", "Ong.Forms.StandardControls\Ong.Friendly.FormsStandardControls.csproj", "{1CA63B58-74E7-4780-8C76-98B9082820E6}"
EndProject
Project("{FAE04EC0-301F-11D3-BF4B-00C04F79EFBC}") = "Ong.Friendly.FormsStandardControls.Generator", "Ong.Friendly.FormsStandardControls.Generator\Ong.Friendly.FormsStandardControls.Generator.csproj", "{BC60FAAD-67AB-4A55-8E47-DEF72F1281C9}"
	ProjectSection(ProjectDependencies) = postProject
		{1CA63B58-74E7-4780-8C76-98B9082820E6} = {1CA63B58-74E7-4780-8C76-98B9082820E6}
	EndProjectSection
EndProject
Global
	GlobalSection(SolutionConfigurationPlatforms) = preSolution
		Debug|Any CPU = Debug|Any CPU
		Release|Any CPU = Release|Any CPU
		Release-Eng|Any CPU = Release-Eng|Any CPU
	EndGlobalSection
	GlobalSection(ProjectConfigurationPlatforms) = postSolution
		{1CA63B58-74E7-4780-8C76-98B9082820E6}.Debug|Any CPU.ActiveCfg = Debug|Any CPU
		{1CA63B58-74E7-4780-8C76-98B9082820E6}.Debug|Any CPU.Build.0 = Debug|Any CPU
		{1CA63B58-74E7-4780-8C76-98B9082820E6}.Release|Any CPU.ActiveCfg = Release|Any CPU
		{1CA63B58-74E7-4780-8C76-98B9082820E6}.Release|Any CPU.Build.0 = Release|Any CPU
		{1CA63B58-74E7-4780-8C76-98B9082820E6}.Release-Eng|Any CPU.ActiveCfg = Release-Eng|Any CPU
		{1CA63B58-74E7-4780-8C76-98B9082820E6}.Release-Eng|Any CPU.Build.0 = Release-Eng|Any CPU
		{BC60FAAD-67AB-4A55-8E47-DEF72F1281C9}.Debug|Any CPU.ActiveCfg = Debug|Any CPU
		{BC60FAAD-67AB-4A55-8E47-DEF72F1281C9}.Debug|Any CPU.Build.0 = Debug|Any CPU
		{BC60FAAD-67AB-4A55-8E47-DEF72F1281C9}.Release|Any CPU.ActiveCfg = Release|Any CPU
		{BC60FAAD-67AB-4A55-8E47-DEF72F1281C9}.Release|Any CPU.Build.0 = Release|Any CPU
		{BC60FAAD-67AB-4A55-8E47-DEF72F1281C9}.Release-Eng|Any CPU.ActiveCfg = Release-Eng|Any CPU
		{BC60FAAD-67AB-4A55-8E47-DEF72F1281C9}.Release-Eng|Any CPU.Build.0 = Release-Eng|Any CPU
	EndGlobalSection
	GlobalSection(SolutionProperties) = preSolution
		HideSolutionNode = FALSE
	EndGlobalSection
EndGlobal
