
Microsoft Visual Studio Solution File, Format Version 11.00
# Visual Studio 2010
Project("{FAE04EC0-301F-11D3-BF4B-00C04F79EFBC}") = "TestCode", "TestCode.csproj", "{21D50630-5045-4888-B457-869574205F6E}"
EndProject
Project("{FAE04EC0-301F-11D3-BF4B-00C04F79EFBC}") = "FormsStandardControlsTestForm", "..\FormsStandardControls\FormsStandardControlsTestForm.csproj", "{72494184-1F9F-410E-93CD-27D2DC3D5843}"
EndProject
Global
	GlobalSection(SolutionConfigurationPlatforms) = preSolution
		Debug|Any CPU = Debug|Any CPU
		Release|Any CPU = Release|Any CPU
		Release-Eng|Any CPU = Release-Eng|Any CPU
	EndGlobalSection
	GlobalSection(ProjectConfigurationPlatforms) = postSolution
		{21D50630-5045-4888-B457-869574205F6E}.Debug|Any CPU.ActiveCfg = Debug|Any CPU
		{21D50630-5045-4888-B457-869574205F6E}.Debug|Any CPU.Build.0 = Debug|Any CPU
		{21D50630-5045-4888-B457-869574205F6E}.Release|Any CPU.ActiveCfg = Release|Any CPU
		{21D50630-5045-4888-B457-869574205F6E}.Release|Any CPU.Build.0 = Release|Any CPU
		{21D50630-5045-4888-B457-869574205F6E}.Release-Eng|Any CPU.ActiveCfg = Release-Eng|Any CPU
		{21D50630-5045-4888-B457-869574205F6E}.Release-Eng|Any CPU.Build.0 = Release-Eng|Any CPU
		{72494184-1F9F-410E-93CD-27D2DC3D5843}.Debug|Any CPU.ActiveCfg = Debug|Any CPU
		{72494184-1F9F-410E-93CD-27D2DC3D5843}.Debug|Any CPU.Build.0 = Debug|Any CPU
		{72494184-1F9F-410E-93CD-27D2DC3D5843}.Release|Any CPU.ActiveCfg = Release|Any CPU
		{72494184-1F9F-410E-93CD-27D2DC3D5843}.Release|Any CPU.Build.0 = Release|Any CPU
		{72494184-1F9F-410E-93CD-27D2DC3D5843}.Release-Eng|Any CPU.ActiveCfg = Release-Eng|Any CPU
		{72494184-1F9F-410E-93CD-27D2DC3D5843}.Release-Eng|Any CPU.Build.0 = Release-Eng|Any CPU
	EndGlobalSection
	GlobalSection(SolutionProperties) = preSolution
		HideSolutionNode = FALSE
	EndGlobalSection
EndGlobal
